Microsoft Visual Studio Solution File, Format Version 12.00
# Visual Studio 2013
VisualStudioVersion = 12.0.21005.1
MinimumVisualStudioVersion = 10.0.40219.1
Project("{FAE04EC0-301F-11D3-BF4B-00C04F79EFBC}") = "AmbiLED HD", "DxCapture\AmbiLED HD.csproj", "{63EDFF6E-3B71-4F6B-B4E6-B7E316E5057E}"
EndProject
Project("{FAE04EC0-301F-11D3-BF4B-00C04F79EFBC}") = "SharpUpdate", "SharpUpdate\SharpUpdate.csproj", "{811C1D69-764F-4335-8363-B93A1D106268}"
EndProject
Global
	GlobalSection(SolutionConfigurationPlatforms) = preSolution
		Debug|Any CPU = Debug|Any CPU
		Debug|x64 = Debug|x64
		Debug|x86 = Debug|x86
		Release|Any CPU = Release|Any CPU
		Release|x64 = Release|x64
		Release|x86 = Release|x86
	EndGlobalSection
	GlobalSection(ProjectConfigurationPlatforms) = postSolution
		{63EDFF6E-3B71-4F6B-B4E6-B7E316E5057E}.Debug|Any CPU.ActiveCfg = Debug|Any CPU
		{63EDFF6E-3B71-4F6B-B4E6-B7E316E5057E}.Debug|Any CPU.Build.0 = Debug|Any CPU
		{63EDFF6E-3B71-4F6B-B4E6-B7E316E5057E}.Debug|x64.ActiveCfg = Debug|x64
		{63EDFF6E-3B71-4F6B-B4E6-B7E316E5057E}.Debug|x64.Build.0 = Debug|x64
		{63EDFF6E-3B71-4F6B-B4E6-B7E316E5057E}.Debug|x86.ActiveCfg = Release|x86
		{63EDFF6E-3B71-4F6B-B4E6-B7E316E5057E}.Debug|x86.Build.0 = Release|x86
		{63EDFF6E-3B71-4F6B-B4E6-B7E316E5057E}.Release|Any CPU.ActiveCfg = Release|Any CPU
		{63EDFF6E-3B71-4F6B-B4E6-B7E316E5057E}.Release|Any CPU.Build.0 = Release|Any CPU
		{63EDFF6E-3B71-4F6B-B4E6-B7E316E5057E}.Release|x64.ActiveCfg = Release|x64
		{63EDFF6E-3B71-4F6B-B4E6-B7E316E5057E}.Release|x64.Build.0 = Release|x64
		{63EDFF6E-3B71-4F6B-B4E6-B7E316E5057E}.Release|x86.ActiveCfg = Release|x86
		{63EDFF6E-3B71-4F6B-B4E6-B7E316E5057E}.Release|x86.Build.0 = Release|x86
		{811C1D69-764F-4335-8363-B93A1D106268}.Debug|Any CPU.ActiveCfg = Debug|Any CPU
		{811C1D69-764F-4335-8363-B93A1D106268}.Debug|Any CPU.Build.0 = Debug|Any CPU
		{811C1D69-764F-4335-8363-B93A1D106268}.Debug|x64.ActiveCfg = Debug|Any CPU
		{811C1D69-764F-4335-8363-B93A1D106268}.Debug|x86.ActiveCfg = Debug|Any CPU
		{811C1D69-764F-4335-8363-B93A1D106268}.Release|Any CPU.ActiveCfg = Release|Any CPU
		{811C1D69-764F-4335-8363-B93A1D106268}.Release|Any CPU.Build.0 = Release|Any CPU
		{811C1D69-764F-4335-8363-B93A1D106268}.Release|x64.ActiveCfg = Release|Any CPU
		{811C1D69-764F-4335-8363-B93A1D106268}.Release|x86.ActiveCfg = Release|Any CPU
	EndGlobalSection
	GlobalSection(SolutionProperties) = preSolution
		HideSolutionNode = FALSE
	EndGlobalSection
EndGlobal
